
Microsoft Visual Studio Solution File, Format Version 11.00
# Visual Studio 2010
Project("{FAE04EC0-301F-11D3-BF4B-00C04F79EFBC}") = "AppHarbor.RequestTracer", "AppHarbor.RequestTracer\AppHarbor.RequestTracer.csproj", "{FF629C92-5738-40FC-ADBD-D4FF39A4F598}"
EndProject
Global
	GlobalSection(SolutionConfigurationPlatforms) = preSolution
		Debug|Any CPU = Debug|Any CPU
		Release|Any CPU = Release|Any CPU
	EndGlobalSection
	GlobalSection(ProjectConfigurationPlatforms) = postSolution
		{FF629C92-5738-40FC-ADBD-D4FF39A4F598}.Debug|Any CPU.ActiveCfg = Debug|Any CPU
		{FF629C92-5738-40FC-ADBD-D4FF39A4F598}.Debug|Any CPU.Build.0 = Debug|Any CPU
		{FF629C92-5738-40FC-ADBD-D4FF39A4F598}.Release|Any CPU.ActiveCfg = Release|Any CPU
		{FF629C92-5738-40FC-ADBD-D4FF39A4F598}.Release|Any CPU.Build.0 = Release|Any CPU
	EndGlobalSection
	GlobalSection(SolutionProperties) = preSolution
		HideSolutionNode = FALSE
	EndGlobalSection
EndGlobal
